
Microsoft Visual Studio Solution File, Format Version 12.00
# Visual Studio 14
VisualStudioVersion = 14.0.23107.0
MinimumVisualStudioVersion = 10.0.40219.1
Project("{FAE04EC0-301F-11D3-BF4B-00C04F79EFBC}") = "EntityFramework", "EntityFramework\EntityFramework.csproj", "{50D466C7-BB28-4935-A660-3F277A62AA99}"
EndProject
Project("{FAE04EC0-301F-11D3-BF4B-00C04F79EFBC}") = "EntityFramework.CodeFirst", "EntityFramework.CodeFirst\EntityFramework.CodeFirst.csproj", "{56563165-1814-4571-A4C4-27EE8AD4E805}"
EndProject
Global
	GlobalSection(SolutionConfigurationPlatforms) = preSolution
		Debug|Any CPU = Debug|Any CPU
		Release|Any CPU = Release|Any CPU
	EndGlobalSection
	GlobalSection(ProjectConfigurationPlatforms) = postSolution
		{50D466C7-BB28-4935-A660-3F277A62AA99}.Debug|Any CPU.ActiveCfg = Debug|Any CPU
		{50D466C7-BB28-4935-A660-3F277A62AA99}.Debug|Any CPU.Build.0 = Debug|Any CPU
		{50D466C7-BB28-4935-A660-3F277A62AA99}.Release|Any CPU.ActiveCfg = Release|Any CPU
		{50D466C7-BB28-4935-A660-3F277A62AA99}.Release|Any CPU.Build.0 = Release|Any CPU
		{56563165-1814-4571-A4C4-27EE8AD4E805}.Debug|Any CPU.ActiveCfg = Debug|Any CPU
		{56563165-1814-4571-A4C4-27EE8AD4E805}.Debug|Any CPU.Build.0 = Debug|Any CPU
		{56563165-1814-4571-A4C4-27EE8AD4E805}.Release|Any CPU.ActiveCfg = Release|Any CPU
		{56563165-1814-4571-A4C4-27EE8AD4E805}.Release|Any CPU.Build.0 = Release|Any CPU
	EndGlobalSection
	GlobalSection(SolutionProperties) = preSolution
		HideSolutionNode = FALSE
	EndGlobalSection
EndGlobal
